
Microsoft Visual Studio Solution File, Format Version 12.00
# Visual Studio Version 17
VisualStudioVersion = 17.0.32112.339
MinimumVisualStudioVersion = 10.0.40219.1
Project("{FAE04EC0-301F-11D3-BF4B-00C04F79EFBC}") = "PalmerPenguins", "PalmerPenguins\PalmerPenguins.csproj", "{849A180B-23DD-4DAF-968F-CFB7E53B876D}"
EndProject
Project("{9A19103F-16F7-4668-BE54-9A1E7A4F7556}") = "PalmerPenguins_ConsoleApp", "PalmerPenguins_ConsoleApp\PalmerPenguins_ConsoleApp.csproj", "{C98B57B4-6E24-46EA-9F67-B380091133A3}"
EndProject
Project("{9A19103F-16F7-4668-BE54-9A1E7A4F7556}") = "PalmerPenguins_WebApi", "PalmerPenguins_WebApi\PalmerPenguins_WebApi.csproj", "{6B9EF496-C1F1-45E3-AA00-56059B4A0331}"
EndProject
Global
	GlobalSection(SolutionConfigurationPlatforms) = preSolution
		Debug|Any CPU = Debug|Any CPU
		Release|Any CPU = Release|Any CPU
	EndGlobalSection
	GlobalSection(ProjectConfigurationPlatforms) = postSolution
		{849A180B-23DD-4DAF-968F-CFB7E53B876D}.Debug|Any CPU.ActiveCfg = Debug|Any CPU
		{849A180B-23DD-4DAF-968F-CFB7E53B876D}.Debug|Any CPU.Build.0 = Debug|Any CPU
		{849A180B-23DD-4DAF-968F-CFB7E53B876D}.Release|Any CPU.ActiveCfg = Release|Any CPU
		{849A180B-23DD-4DAF-968F-CFB7E53B876D}.Release|Any CPU.Build.0 = Release|Any CPU
		{C98B57B4-6E24-46EA-9F67-B380091133A3}.Debug|Any CPU.ActiveCfg = Debug|Any CPU
		{C98B57B4-6E24-46EA-9F67-B380091133A3}.Debug|Any CPU.Build.0 = Debug|Any CPU
		{C98B57B4-6E24-46EA-9F67-B380091133A3}.Release|Any CPU.ActiveCfg = Release|Any CPU
		{C98B57B4-6E24-46EA-9F67-B380091133A3}.Release|Any CPU.Build.0 = Release|Any CPU
		{6B9EF496-C1F1-45E3-AA00-56059B4A0331}.Debug|Any CPU.ActiveCfg = Debug|Any CPU
		{6B9EF496-C1F1-45E3-AA00-56059B4A0331}.Debug|Any CPU.Build.0 = Debug|Any CPU
		{6B9EF496-C1F1-45E3-AA00-56059B4A0331}.Release|Any CPU.ActiveCfg = Release|Any CPU
		{6B9EF496-C1F1-45E3-AA00-56059B4A0331}.Release|Any CPU.Build.0 = Release|Any CPU
	EndGlobalSection
	GlobalSection(SolutionProperties) = preSolution
		HideSolutionNode = FALSE
	EndGlobalSection
	GlobalSection(ExtensibilityGlobals) = postSolution
		SolutionGuid = {57B44B27-EF5E-4A01-8743-573FB6D30E2B}
	EndGlobalSection
EndGlobal
